
Microsoft Visual Studio Solution File, Format Version 12.00
# Visual Studio Version 16
VisualStudioVersion = 16.0.30907.101
MinimumVisualStudioVersion = 10.0.40219.1
Project("{9A19103F-16F7-4668-BE54-9A1E7A4F7556}") = "MovieShop.MVC", "MovieShop.MVC\MovieShop.MVC.csproj", "{BCE17E84-DFA5-4E03-939B-8F1036F63D0F}"
EndProject
Project("{FAE04EC0-301F-11D3-BF4B-00C04F79EFBC}") = "MovieShop.Core", "MovieShop.Core\MovieShop.Core.csproj", "{02DBAF4D-0D6E-4904-814F-F6D8D0199CA0}"
EndProject
Project("{FAE04EC0-301F-11D3-BF4B-00C04F79EFBC}") = "MovieShop.Infrastructure", "MovieShop.Infrastructure\MovieShop.Infrastructure.csproj", "{5CD7AEA4-636F-4030-AA1D-5F00CC700FBA}"
EndProject
Project("{FAE04EC0-301F-11D3-BF4B-00C04F79EFBC}") = "MovieShop.API", "MovieShop.API\MovieShop.API.csproj", "{E8B1C144-538A-43BF-8E1E-E091958346BE}"
EndProject
Global
	GlobalSection(SolutionConfigurationPlatforms) = preSolution
		Debug|Any CPU = Debug|Any CPU
		Release|Any CPU = Release|Any CPU
	EndGlobalSection
	GlobalSection(ProjectConfigurationPlatforms) = postSolution
		{BCE17E84-DFA5-4E03-939B-8F1036F63D0F}.Debug|Any CPU.ActiveCfg = Debug|Any CPU
		{BCE17E84-DFA5-4E03-939B-8F1036F63D0F}.Debug|Any CPU.Build.0 = Debug|Any CPU
		{BCE17E84-DFA5-4E03-939B-8F1036F63D0F}.Release|Any CPU.ActiveCfg = Release|Any CPU
		{BCE17E84-DFA5-4E03-939B-8F1036F63D0F}.Release|Any CPU.Build.0 = Release|Any CPU
		{02DBAF4D-0D6E-4904-814F-F6D8D0199CA0}.Debug|Any CPU.ActiveCfg = Debug|Any CPU
		{02DBAF4D-0D6E-4904-814F-F6D8D0199CA0}.Debug|Any CPU.Build.0 = Debug|Any CPU
		{02DBAF4D-0D6E-4904-814F-F6D8D0199CA0}.Release|Any CPU.ActiveCfg = Release|Any CPU
		{02DBAF4D-0D6E-4904-814F-F6D8D0199CA0}.Release|Any CPU.Build.0 = Release|Any CPU
		{5CD7AEA4-636F-4030-AA1D-5F00CC700FBA}.Debug|Any CPU.ActiveCfg = Debug|Any CPU
		{5CD7AEA4-636F-4030-AA1D-5F00CC700FBA}.Debug|Any CPU.Build.0 = Debug|Any CPU
		{5CD7AEA4-636F-4030-AA1D-5F00CC700FBA}.Release|Any CPU.ActiveCfg = Release|Any CPU
		{5CD7AEA4-636F-4030-AA1D-5F00CC700FBA}.Release|Any CPU.Build.0 = Release|Any CPU
		{E8B1C144-538A-43BF-8E1E-E091958346BE}.Debug|Any CPU.ActiveCfg = Debug|Any CPU
		{E8B1C144-538A-43BF-8E1E-E091958346BE}.Debug|Any CPU.Build.0 = Debug|Any CPU
		{E8B1C144-538A-43BF-8E1E-E091958346BE}.Release|Any CPU.ActiveCfg = Release|Any CPU
		{E8B1C144-538A-43BF-8E1E-E091958346BE}.Release|Any CPU.Build.0 = Release|Any CPU
	EndGlobalSection
	GlobalSection(SolutionProperties) = preSolution
		HideSolutionNode = FALSE
	EndGlobalSection
	GlobalSection(ExtensibilityGlobals) = postSolution
		SolutionGuid = {6A83E741-DD75-4917-963A-1C85F2EF0F5A}
	EndGlobalSection
EndGlobal
